Microsoft Visual Studio Solution File, Format Version 12.00
# Visual Studio Version 17
VisualStudioVersion = 17.5.2.0
MinimumVisualStudioVersion = 10.0.40219.1
Project("{FAE04EC0-301F-11D3-BF4B-00C04F79EFBC}") = "BlazorClient", "BlazorClient.csproj", "{644C34F9-3539-69A8-2DFC-298B9F8EE282}"
EndProject
Global
	GlobalSection(SolutionConfigurationPlatforms) = preSolution
		Debug|Any CPU = Debug|Any CPU
		Release|Any CPU = Release|Any CPU
	EndGlobalSection
	GlobalSection(ProjectConfigurationPlatforms) = postSolution
		{644C34F9-3539-69A8-2DFC-298B9F8EE282}.Debug|Any CPU.ActiveCfg = Debug|Any CPU
		{644C34F9-3539-69A8-2DFC-298B9F8EE282}.Debug|Any CPU.Build.0 = Debug|Any CPU
		{644C34F9-3539-69A8-2DFC-298B9F8EE282}.Release|Any CPU.ActiveCfg = Release|Any CPU
		{644C34F9-3539-69A8-2DFC-298B9F8EE282}.Release|Any CPU.Build.0 = Release|Any CPU
	EndGlobalSection
	GlobalSection(SolutionProperties) = preSolution
		HideSolutionNode = FALSE
	EndGlobalSection
	GlobalSection(ExtensibilityGlobals) = postSolution
		SolutionGuid = {4E8FC535-5876-461A-8A01-DCAF983DA393}
	EndGlobalSection
EndGlobal
